// !$*UTF8*$!
{
	archiveVersion = 1;
	classes = {
	};
	objectVersion = 46;
	objects = {

/* Begin PBXBuildFile section */
		B16A23DC1ED99371568F6DB0 /* Pods_DogNet.framework in Frameworks */ = {isa = PBXBuildFile; fileRef = 463C1EFA0A3A3A98B2FFF82D /* Pods_DogNet.framework */; };
		C79708C11EA5C038002D652D /* AppDelegate.swift in Sources */ = {isa = PBXBuildFile; fileRef = C79708C01EA5C038002D652D /* AppDelegate.swift */; };
		C79708C31EA5C038002D652D /* ViewController.swift in Sources */ = {isa = PBXBuildFile; fileRef = C79708C21EA5C038002D652D /* ViewController.swift */; };
		C79708C81EA5C038002D652D /* Assets.xcassets in Resources */ = {isa = PBXBuildFile; fileRef = C79708C71EA5C038002D652D /* Assets.xcassets */; };
		C79708CB1EA5C038002D652D /* LaunchScreen.storyboard in Resources */ = {isa = PBXBuildFile; fileRef = C79708C91EA5C038002D652D /* LaunchScreen.storyboard */; };
		C79708D31EA5D043002D652D /* LoginViewController.swift in Sources */ = {isa = PBXBuildFile; fileRef = C79708D21EA5D043002D652D /* LoginViewController.swift */; };
		C79708D71EA5D06A002D652D /* HomeViewController.swift in Sources */ = {isa = PBXBuildFile; fileRef = C79708D61EA5D06A002D652D /* HomeViewController.swift */; };
		C79708D91EA5D074002D652D /* DogProfileViewController.swift in Sources */ = {isa = PBXBuildFile; fileRef = C79708D81EA5D074002D652D /* DogProfileViewController.swift */; };
		C79708DB1EA5D07D002D652D /* DogPalListViewController.swift in Sources */ = {isa = PBXBuildFile; fileRef = C79708DA1EA5D07D002D652D /* DogPalListViewController.swift */; };
		C79708DD1EA5D091002D652D /* SignupViewController.swift in Sources */ = {isa = PBXBuildFile; fileRef = C79708DC1EA5D091002D652D /* SignupViewController.swift */; };
		C79708DF1EA5D099002D652D /* DogSignup1ViewController.swift in Sources */ = {isa = PBXBuildFile; fileRef = C79708DE1EA5D099002D652D /* DogSignup1ViewController.swift */; };
		C79708E11EA5D0A7002D652D /* DogSignup2ViewController.swift in Sources */ = {isa = PBXBuildFile; fileRef = C79708E01EA5D0A7002D652D /* DogSignup2ViewController.swift */; };
		C79708E31EA5D0B0002D652D /* ProfileViewController.swift in Sources */ = {isa = PBXBuildFile; fileRef = C79708E21EA5D0B0002D652D /* ProfileViewController.swift */; };
		C7E17B811EBFB0BA004023E4 /* EditProfileBioViewController.swift in Sources */ = {isa = PBXBuildFile; fileRef = C7E17B801EBFB0BA004023E4 /* EditProfileBioViewController.swift */; };
		E34ECF391EB806A8000CF41E /* Dog.swift in Sources */ = {isa = PBXBuildFile; fileRef = E34ECF381EB806A8000CF41E /* Dog.swift */; };
		E3C4BAFA1EAF0D03008C3F02 /* Main.storyboard in Resources */ = {isa = PBXBuildFile; fileRef = E3C4BAF81EAF0D03008C3F02 /* Main.storyboard */; };
/* End PBXBuildFile section */

/* Begin PBXFileReference section */
		463C1EFA0A3A3A98B2FFF82D /* Pods_DogNet.framework */ = {isa = PBXFileReference; explicitFileType = wrapper.framework; includeInIndex = 0; path = Pods_DogNet.framework; sourceTree = BUILT_PRODUCTS_DIR; };
		A3B5349A875B720F30F4001F /* Pods-DogNet.release.xcconfig */ = {isa = PBXFileReference; includeInIndex = 1; lastKnownFileType = text.xcconfig; name = "Pods-DogNet.release.xcconfig"; path = "Pods/Target Support Files/Pods-DogNet/Pods-DogNet.release.xcconfig"; sourceTree = "<group>"; };
		C79708BD1EA5C038002D652D /* DogNet.app */ = {isa = PBXFileReference; explicitFileType = wrapper.application; includeInIndex = 0; path = DogNet.app; sourceTree = BUILT_PRODUCTS_DIR; };
		C79708C01EA5C038002D652D /* AppDelegate.swift */ = {isa = PBXFileReference; lastKnownFileType = sourcecode.swift; path = AppDelegate.swift; sourceTree = "<group>"; };
		C79708C21EA5C038002D652D /* ViewController.swift */ = {isa = PBXFileReference; lastKnownFileType = sourcecode.swift; path = ViewController.swift; sourceTree = "<group>"; };
		C79708C71EA5C038002D652D /* Assets.xcassets */ = {isa = PBXFileReference; lastKnownFileType = folder.assetcatalog; path = Assets.xcassets; sourceTree = "<group>"; };
		C79708CA1EA5C038002D652D /* Base */ = {isa = PBXFileReference; lastKnownFileType = file.storyboard; name = Base; path = Base.lproj/LaunchScreen.storyboard; sourceTree = "<group>"; };
		C79708CC1EA5C038002D652D /* Info.plist */ = {isa = PBXFileReference; lastKnownFileType = text.plist.xml; path = Info.plist; sourceTree = "<group>"; };
		C79708D21EA5D043002D652D /* LoginViewController.swift */ = {isa = PBXFileReference; fileEncoding = 4; lastKnownFileType = sourcecode.swift; path = LoginViewController.swift; sourceTree = "<group>"; };
		C79708D61EA5D06A002D652D /* HomeViewController.swift */ = {isa = PBXFileReference; fileEncoding = 4; lastKnownFileType = sourcecode.swift; path = HomeViewController.swift; sourceTree = "<group>"; };
		C79708D81EA5D074002D652D /* DogProfileViewController.swift */ = {isa = PBXFileReference; fileEncoding = 4; lastKnownFileType = sourcecode.swift; path = DogProfileViewController.swift; sourceTree = "<group>"; };
		C79708DA1EA5D07D002D652D /* DogPalListViewController.swift */ = {isa = PBXFileReference; fileEncoding = 4; lastKnownFileType = sourcecode.swift; path = DogPalListViewController.swift; sourceTree = "<group>"; };
		C79708DC1EA5D091002D652D /* SignupViewController.swift */ = {isa = PBXFileReference; fileEncoding = 4; lastKnownFileType = sourcecode.swift; path = SignupViewController.swift; sourceTree = "<group>"; };
		C79708DE1EA5D099002D652D /* DogSignup1ViewController.swift */ = {isa = PBXFileReference; fileEncoding = 4; lastKnownFileType = sourcecode.swift; path = DogSignup1ViewController.swift; sourceTree = "<group>"; };
		C79708E01EA5D0A7002D652D /* DogSignup2ViewController.swift */ = {isa = PBXFileReference; fileEncoding = 4; lastKnownFileType = sourcecode.swift; path = DogSignup2ViewController.swift; sourceTree = "<group>"; };
		C79708E21EA5D0B0002D652D /* ProfileViewController.swift */ = {isa = PBXFileReference; fileEncoding = 4; lastKnownFileType = sourcecode.swift; path = ProfileViewController.swift; sourceTree = "<group>"; };
		C7E17B801EBFB0BA004023E4 /* EditProfileBioViewController.swift */ = {isa = PBXFileReference; fileEncoding = 4; lastKnownFileType = sourcecode.swift; path = EditProfileBioViewController.swift; sourceTree = "<group>"; };
		E34ECF381EB806A8000CF41E /* Dog.swift */ = {isa = PBXFileReference; fileEncoding = 4; lastKnownFileType = sourcecode.swift; path = Dog.swift; sourceTree = "<group>"; };
		E3C4BAF91EAF0D03008C3F02 /* Base */ = {isa = PBXFileReference; lastKnownFileType = file.storyboard; name = Base; path = Base.lproj/Main.storyboard; sourceTree = "<group>"; };
		F3188F68E2E2B8FFC7DF4051 /* Pods-DogNet.debug.xcconfig */ = {isa = PBXFileReference; includeInIndex = 1; lastKnownFileType = text.xcconfig; name = "Pods-DogNet.debug.xcconfig"; path = "Pods/Target Support Files/Pods-DogNet/Pods-DogNet.debug.xcconfig"; sourceTree = "<group>"; };
/* End PBXFileReference section */

/* Begin PBXFrameworksBuildPhase section */
		C79708BA1EA5C037002D652D /* Frameworks */ = {
			isa = PBXFrameworksBuildPhase;
			buildActionMask = 2147483647;
			files = (
				B16A23DC1ED99371568F6DB0 /* Pods_DogNet.framework in Frameworks */,
			);
			runOnlyForDeploymentPostprocessing = 0;
		};
/* End PBXFrameworksBuildPhase section */

/* Begin PBXGroup section */
		5019140AB905FE573DFD25DF /* Frameworks */ = {
			isa = PBXGroup;
			children = (
				463C1EFA0A3A3A98B2FFF82D /* Pods_DogNet.framework */,
			);
			name = Frameworks;
			sourceTree = "<group>";
		};
		64980A3D348EF4A20916A30C /* Pods */ = {
			isa = PBXGroup;
			children = (
				F3188F68E2E2B8FFC7DF4051 /* Pods-DogNet.debug.xcconfig */,
				A3B5349A875B720F30F4001F /* Pods-DogNet.release.xcconfig */,
			);
			name = Pods;
			sourceTree = "<group>";
		};
		C79708B41EA5C037002D652D = {
			isa = PBXGroup;
			children = (
				C79708BF1EA5C038002D652D /* DogNet */,
				C79708BE1EA5C038002D652D /* Products */,
				64980A3D348EF4A20916A30C /* Pods */,
				5019140AB905FE573DFD25DF /* Frameworks */,
			);
			sourceTree = "<group>";
		};
		C79708BE1EA5C038002D652D /* Products */ = {
			isa = PBXGroup;
			children = (
				C79708BD1EA5C038002D652D /* DogNet.app */,
			);
			name = Products;
			sourceTree = "<group>";
		};
		C79708BF1EA5C038002D652D /* DogNet */ = {
			isa = PBXGroup;
			children = (
				C79708D51EA5D04D002D652D /* Models */,
				C79708D41EA5D046002D652D /* View Controllers */,
				C79708C01EA5C038002D652D /* AppDelegate.swift */,
				C79708C21EA5C038002D652D /* ViewController.swift */,
				C79708C71EA5C038002D652D /* Assets.xcassets */,
				E3C4BAF81EAF0D03008C3F02 /* Main.storyboard */,
				C79708C91EA5C038002D652D /* LaunchScreen.storyboard */,
				C79708CC1EA5C038002D652D /* Info.plist */,
			);
			path = DogNet;
			sourceTree = "<group>";
		};
		C79708D41EA5D046002D652D /* View Controllers */ = {
			isa = PBXGroup;
			children = (
				C79708D21EA5D043002D652D /* LoginViewController.swift */,
				C79708D61EA5D06A002D652D /* HomeViewController.swift */,
				C79708D81EA5D074002D652D /* DogProfileViewController.swift */,
				C79708DA1EA5D07D002D652D /* DogPalListViewController.swift */,
				C79708DC1EA5D091002D652D /* SignupViewController.swift */,
				C79708DE1EA5D099002D652D /* DogSignup1ViewController.swift */,
				C79708E01EA5D0A7002D652D /* DogSignup2ViewController.swift */,
				C79708E21EA5D0B0002D652D /* ProfileViewController.swift */,
				C7E17B801EBFB0BA004023E4 /* EditProfileBioViewController.swift */,
			);
			name = "View Controllers";
			sourceTree = "<group>";
		};
		C79708D51EA5D04D002D652D /* Models */ = {
			isa = PBXGroup;
			children = (
				E34ECF381EB806A8000CF41E /* Dog.swift */,
			);
			name = Models;
			sourceTree = "<group>";
		};
/* End PBXGroup section */

/* Begin PBXNativeTarget section */
		C79708BC1EA5C037002D652D /* DogNet */ = {
			isa = PBXNativeTarget;
			buildConfigurationList = C79708CF1EA5C038002D652D /* Build configuration list for PBXNativeTarget "DogNet" */;
			buildPhases = (
				13AE3596412E7A30FBCC3863 /* [CP] Check Pods Manifest.lock */,
				C79708B91EA5C037002D652D /* Sources */,
				C79708BA1EA5C037002D652D /* Frameworks */,
				C79708BB1EA5C037002D652D /* Resources */,
				90DC4834DBD348B858FDA59A /* [CP] Embed Pods Frameworks */,
				D054588A6D2D086F25A5A1EC /* [CP] Copy Pods Resources */,
			);
			buildRules = (
			);
			dependencies = (
			);
			name = DogNet;
			productName = DogNet;
			productReference = C79708BD1EA5C038002D652D /* DogNet.app */;
			productType = "com.apple.product-type.application";
		};
/* End PBXNativeTarget section */

/* Begin PBXProject section */
		C79708B51EA5C037002D652D /* Project object */ = {
			isa = PBXProject;
			attributes = {
				LastSwiftUpdateCheck = 0820;
				LastUpgradeCheck = 0820;
				ORGANIZATIONNAME = dognets;
				TargetAttributes = {
					C79708BC1EA5C037002D652D = {
						CreatedOnToolsVersion = 8.2.1;
						ProvisioningStyle = Automatic;
					};
				};
			};
			buildConfigurationList = C79708B81EA5C037002D652D /* Build configuration list for PBXProject "DogNet" */;
			compatibilityVersion = "Xcode 3.2";
			developmentRegion = English;
			hasScannedForEncodings = 0;
			knownRegions = (
				en,
				Base,
			);
			mainGroup = C79708B41EA5C037002D652D;
			productRefGroup = C79708BE1EA5C038002D652D /* Products */;
			projectDirPath = "";
			projectRoot = "";
			targets = (
				C79708BC1EA5C037002D652D /* DogNet */,
			);
		};
/* End PBXProject section */

/* Begin PBXResourcesBuildPhase section */
		C79708BB1EA5C037002D652D /* Resources */ = {
			isa = PBXResourcesBuildPhase;
			buildActionMask = 2147483647;
			files = (
				E3C4BAFA1EAF0D03008C3F02 /* Main.storyboard in Resources */,
				C79708CB1EA5C038002D652D /* LaunchScreen.storyboard in Resources */,
				C79708C81EA5C038002D652D /* Assets.xcassets in Resources */,
			);
			runOnlyForDeploymentPostprocessing = 0;
		};
/* End PBXResourcesBuildPhase section */

/* Begin PBXShellScriptBuildPhase section */
		13AE3596412E7A30FBCC3863 /* [CP] Check Pods Manifest.lock */ = {
			isa = PBXShellScriptBuildPhase;
			buildActionMask = 2147483647;
			files = (
			);
			inputPaths = (
			);
			name = "[CP] Check Pods Manifest.lock";
			outputPaths = (
			);
			runOnlyForDeploymentPostprocessing = 0;
			shellPath = /bin/sh;
			shellScript = "diff \"${PODS_ROOT}/../Podfile.lock\" \"${PODS_ROOT}/Manifest.lock\" > /dev/null\nif [ $? != 0 ] ; then\n    # print error to STDERR\n    echo \"error: The sandbox is not in sync with the Podfile.lock. Run 'pod install' or update your CocoaPods installation.\" >&2\n    exit 1\nfi\n";
			showEnvVarsInLog = 0;
		};
		90DC4834DBD348B858FDA59A /* [CP] Embed Pods Frameworks */ = {
			isa = PBXShellScriptBuildPhase;
			buildActionMask = 2147483647;
			files = (
			);
			inputPaths = (
			);
			name = "[CP] Embed Pods Frameworks";
			outputPaths = (
			);
			runOnlyForDeploymentPostprocessing = 0;
			shellPath = /bin/sh;
			shellScript = "\"${SRCROOT}/Pods/Target Support Files/Pods-DogNet/Pods-DogNet-frameworks.sh\"\n";
			showEnvVarsInLog = 0;
		};
		D054588A6D2D086F25A5A1EC /* [CP] Copy Pods Resources */ = {
			isa = PBXShellScriptBuildPhase;
			buildActionMask = 2147483647;
			files = (
			);
			inputPaths = (
			);
			name = "[CP] Copy Pods Resources";
			outputPaths = (
			);
			runOnlyForDeploymentPostprocessing = 0;
			shellPath = /bin/sh;
			shellScript = "\"${SRCROOT}/Pods/Target Support Files/Pods-DogNet/Pods-DogNet-resources.sh\"\n";
			showEnvVarsInLog = 0;
		};
/* End PBXShellScriptBuildPhase section */

/* Begin PBXSourcesBuildPhase section */
		C79708B91EA5C037002D652D /* Sources */ = {
			isa = PBXSourcesBuildPhase;
			buildActionMask = 2147483647;
			files = (
				C79708D31EA5D043002D652D /* LoginViewController.swift in Sources */,
				C7E17B811EBFB0BA004023E4 /* EditProfileBioViewController.swift in Sources */,
				C79708DF1EA5D099002D652D /* DogSignup1ViewController.swift in Sources */,
				C79708E31EA5D0B0002D652D /* ProfileViewController.swift in Sources */,
				C79708DD1EA5D091002D652D /* SignupViewController.swift in Sources */,
				C79708C31EA5C038002D652D /* ViewController.swift in Sources */,
				E34ECF391EB806A8000CF41E /* Dog.swift in Sources */,
				C79708D91EA5D074002D652D /* DogProfileViewController.swift in Sources */,
				C79708E11EA5D0A7002D652D /* DogSignup2ViewController.swift in Sources */,
				C79708C11EA5C038002D652D /* AppDelegate.swift in Sources */,
				C79708D71EA5D06A002D652D /* HomeViewController.swift in Sources */,
				C79708DB1EA5D07D002D652D /* DogPalListViewController.swift in Sources */,
			);
			runOnlyForDeploymentPostprocessing = 0;
		};
/* End PBXSourcesBuildPhase section */

/* Begin PBXVariantGroup section */
		C79708C91EA5C038002D652D /* LaunchScreen.storyboard */ = {
			isa = PBXVariantGroup;
			children = (
				C79708CA1EA5C038002D652D /* Base */,
			);
			name = LaunchScreen.storyboard;
			sourceTree = "<group>";
		};
		E3C4BAF81EAF0D03008C3F02 /* Main.storyboard */ = {
			isa = PBXVariantGroup;
			children = (
				E3C4BAF91EAF0D03008C3F02 /* Base */,
			);
			name = Main.storyboard;
			sourceTree = "<group>";
		};
/* End PBXVariantGroup section */

/* Begin XCBuildConfiguration section */
		C79708CD1EA5C038002D652D /* Debug */ = {
			isa = XCBuildConfiguration;
			buildSettings = {
				ALWAYS_SEARCH_USER_PATHS = NO;
				CLANG_ANALYZER_NONNULL = YES;
				CLANG_CXX_LANGUAGE_STANDARD = "gnu++0x";
				CLANG_CXX_LIBRARY = "libc++";
				CLANG_ENABLE_MODULES = YES;
				CLANG_ENABLE_OBJC_ARC = YES;
				CLANG_WARN_BOOL_CONVERSION = YES;
				CLANG_WARN_CONSTANT_CONVERSION = YES;
				CLANG_WARN_DIRECT_OBJC_ISA_USAGE = YES_ERROR;
				CLANG_WARN_DOCUMENTATION_COMMENTS = YES;
				CLANG_WARN_EMPTY_BODY = YES;
				CLANG_WARN_ENUM_CONVERSION = YES;
				CLANG_WARN_INFINITE_RECURSION = YES;
				CLANG_WARN_INT_CONVERSION = YES;
				CLANG_WARN_OBJC_ROOT_CLASS = YES_ERROR;
				CLANG_WARN_SUSPICIOUS_MOVE = YES;
				CLANG_WARN_UNREACHABLE_CODE = YES;
				CLANG_WARN__DUPLICATE_METHOD_MATCH = YES;
				"CODE_SIGN_IDENTITY[sdk=iphoneos*]" = "iPhone Developer";
				COPY_PHASE_STRIP = NO;
				DEBUG_INFORMATION_FORMAT = dwarf;
				ENABLE_STRICT_OBJC_MSGSEND = YES;
				ENABLE_TESTABILITY = YES;
				GCC_C_LANGUAGE_STANDARD = gnu99;
				GCC_DYNAMIC_NO_PIC = NO;
				GCC_NO_COMMON_BLOCKS = YES;
				GCC_OPTIMIZATION_LEVEL = 0;
				GCC_PREPROCESSOR_DEFINITIONS = (
					"DEBUG=1",
					"$(inherited)",
				);
				GCC_WARN_64_TO_32_BIT_CONVERSION = YES;
				GCC_WARN_ABOUT_RETURN_TYPE = YES_ERROR;
				GCC_WARN_UNDECLARED_SELECTOR = YES;
				GCC_WARN_UNINITIALIZED_AUTOS = YES_AGGRESSIVE;
				GCC_WARN_UNUSED_FUNCTION = YES;
				GCC_WARN_UNUSED_VARIABLE = YES;
				IPHONEOS_DEPLOYMENT_TARGET = 10.2;
				MTL_ENABLE_DEBUG_INFO = YES;
				ONLY_ACTIVE_ARCH = YES;
				SDKROOT = iphoneos;
				SWIFT_ACTIVE_COMPILATION_CONDITIONS = DEBUG;
				SWIFT_OPTIMIZATION_LEVEL = "-Onone";
				TARGETED_DEVICE_FAMILY = "1,2";
			};
			name = Debug;
		};
		C79708CE1EA5C038002D652D /* Release */ = {
			isa = XCBuildConfiguration;
			buildSettings = {
				ALWAYS_SEARCH_USER_PATHS = NO;
				CLANG_ANALYZER_NONNULL = YES;
				CLANG_CXX_LANGUAGE_STANDARD = "gnu++0x";
				CLANG_CXX_LIBRARY = "libc++";
				CLANG_ENABLE_MODULES = YES;
				CLANG_ENABLE_OBJC_ARC = YES;
				CLANG_WARN_BOOL_CONVERSION = YES;
				CLANG_WARN_CONSTANT_CONVERSION = YES;
				CLANG_WARN_DIRECT_OBJC_ISA_USAGE = YES_ERROR;
				CLANG_WARN_DOCUMENTATION_COMMENTS = YES;
				CLANG_WARN_EMPTY_BODY = YES;
				CLANG_WARN_ENUM_CONVERSION = YES;
				CLANG_WARN_INFINITE_RECURSION = YES;
				CLANG_WARN_INT_CONVERSION = YES;
				CLANG_WARN_OBJC_ROOT_CLASS = YES_ERROR;
				CLANG_WARN_SUSPICIOUS_MOVE = YES;
				CLANG_WARN_UNREACHABLE_CODE = YES;
				CLANG_WARN__DUPLICATE_METHOD_MATCH = YES;
				"CODE_SIGN_IDENTITY[sdk=iphoneos*]" = "iPhone Developer";
				COPY_PHASE_STRIP = NO;
				DEBUG_INFORMATION_FORMAT = "dwarf-with-dsym";
				ENABLE_NS_ASSERTIONS = NO;
				ENABLE_STRICT_OBJC_MSGSEND = YES;
				GCC_C_LANGUAGE_STANDARD = gnu99;
				GCC_NO_COMMON_BLOCKS = YES;
				GCC_WARN_64_TO_32_BIT_CONVERSION = YES;
				GCC_WARN_ABOUT_RETURN_TYPE = YES_ERROR;
				GCC_WARN_UNDECLARED_SELECTOR = YES;
				GCC_WARN_UNINITIALIZED_AUTOS = YES_AGGRESSIVE;
				GCC_WARN_UNUSED_FUNCTION = YES;
				GCC_WARN_UNUSED_VARIABLE = YES;
				IPHONEOS_DEPLOYMENT_TARGET = 10.2;
				MTL_ENABLE_DEBUG_INFO = NO;
				SDKROOT = iphoneos;
				SWIFT_OPTIMIZATION_LEVEL = "-Owholemodule";
				TARGETED_DEVICE_FAMILY = "1,2";
				VALIDATE_PRODUCT = YES;
			};
			name = Release;
		};
		C79708D01EA5C038002D652D /* Debug */ = {
			isa = XCBuildConfiguration;
			baseConfigurationReference = F3188F68E2E2B8FFC7DF4051 /* Pods-DogNet.debug.xcconfig */;
			buildSettings = {
				ASSETCATALOG_COMPILER_APPICON_NAME = AppIcon;
				INFOPLIST_FILE = DogNet/Info.plist;
				LD_RUNPATH_SEARCH_PATHS = "$(inherited) @executable_path/Frameworks";
				PRODUCT_BUNDLE_IDENTIFIER = com.dognets.DogNet;
				PRODUCT_NAME = "$(TARGET_NAME)";
				SWIFT_VERSION = 3.0;
			};
			name = Debug;
		};
		C79708D11EA5C038002D652D /* Release */ = {
			isa = XCBuildConfiguration;
			baseConfigurationReference = A3B5349A875B720F30F4001F /* Pods-DogNet.release.xcconfig */;
			buildSettings = {
				ASSETCATALOG_COMPILER_APPICON_NAME = AppIcon;
				INFOPLIST_FILE = DogNet/Info.plist;
				LD_RUNPATH_SEARCH_PATHS = "$(inherited) @executable_path/Frameworks";
				PRODUCT_BUNDLE_IDENTIFIER = com.dognets.DogNet;
				PRODUCT_NAME = "$(TARGET_NAME)";
				SWIFT_VERSION = 3.0;
			};
			name = Release;
		};
/* End XCBuildConfiguration section */

/* Begin XCConfigurationList section */
		C79708B81EA5C037002D652D /* Build configuration list for PBXProject "DogNet" */ = {
			isa = XCConfigurationList;
			buildConfigurations = (
				C79708CD1EA5C038002D652D /* Debug */,
				C79708CE1EA5C038002D652D /* Release */,
			);
			defaultConfigurationIsVisible = 0;
			defaultConfigurationName = Release;
		};
		C79708CF1EA5C038002D652D /* Build configuration list for PBXNativeTarget "DogNet" */ = {
			isa = XCConfigurationList;
			buildConfigurations = (
				C79708D01EA5C038002D652D /* Debug */,
				C79708D11EA5C038002D652D /* Release */,
			);
			defaultConfigurationIsVisible = 0;
			defaultConfigurationName = Release;
		};
/* End XCConfigurationList section */
	};
	rootObject = C79708B51EA5C037002D652D /* Project object */;
}
